dependencies:
- name: prometheus
  repository: https://prometheus-community.github.io/helm-charts
  version: 25.27.0
- name: clickhouse-serverless
  repository: file://../clickhouse-serverless
  version: 0.5.0
- name: langwatch-gateway
  repository: file://../gateway
  version: 3.18.0
- name: langwatch-langyagent
  repository: file://../langyagent
  version: 3.18.0
digest: sha256:2066be9aecab85a91297419d0a7d99f62e312e58576a50fbc3c3e88f827844cc
generated: "2026-09-28T03:08:11.310262652Z"
